
Microsoft Visual Studio Solution File, Format Version 12.00
# Visual Studio Version 17
VisualStudioVersion = 17.1.32228.430
MinimumVisualStudioVersion = 10.0.40219.1
Project("{FAE04EC0-301F-11D3-BF4B-00C04F79EFBC}") = "1- PrimeiroProjeto", "1- PrimeiroProjeto\1- PrimeiroProjeto.csproj", "{83C334AB-7958-4880-A2C8-8ACB87AACEB6}"
EndProject
Global
	GlobalSection(SolutionConfigurationPlatforms) = preSolution
		Debug|Any CPU = Debug|Any CPU
		Release|Any CPU = Release|Any CPU
	EndGlobalSection
	GlobalSection(ProjectConfigurationPlatforms) = postSolution
		{83C334AB-7958-4880-A2C8-8ACB87AACEB6}.Debug|Any CPU.ActiveCfg = Debug|Any CPU
		{83C334AB-7958-4880-A2C8-8ACB87AACEB6}.Debug|Any CPU.Build.0 = Debug|Any CPU
		{83C334AB-7958-4880-A2C8-8ACB87AACEB6}.Release|Any CPU.ActiveCfg = Release|Any CPU
		{83C334AB-7958-4880-A2C8-8ACB87AACEB6}.Release|Any CPU.Build.0 = Release|Any CPU
	EndGlobalSection
	GlobalSection(SolutionProperties) = preSolution
		HideSolutionNode = FALSE
	EndGlobalSection
	GlobalSection(ExtensibilityGlobals) = postSolution
		SolutionGuid = {009B07D5-7390-4491-8446-891525122539}
	EndGlobalSection
EndGlobal
